
Microsoft Visual Studio Solution File, Format Version 12.00
# Visual Studio Version 16
VisualStudioVersion = 16.0.31129.286
MinimumVisualStudioVersion = 10.0.40219.1
Project("{9A19103F-16F7-4668-BE54-9A1E7A4F7556}") = "PricingBooks", "PricingBooks\PricingBooks.csproj", "{B923F475-5DB0-4703-B136-0C93D830D70F}"
EndProject
Project("{9A19103F-16F7-4668-BE54-9A1E7A4F7556}") = "Logic", "Logic\Logic.csproj", "{9D6E9A92-1607-4006-8E7D-4C5B9A0034AF}"
EndProject
Project("{9A19103F-16F7-4668-BE54-9A1E7A4F7556}") = "Data", "Data\Data.csproj", "{B8E6B93F-16C3-4C62-B834-8E25DF5ECDEE}"
EndProject
Project("{FAE04EC0-301F-11D3-BF4B-00C04F79EFBC}") = "Services", "Services\Services.csproj", "{F38CC5FC-636D-41B2-A73A-0F6D25BC6018}"
EndProject
Global
	GlobalSection(SolutionConfigurationPlatforms) = preSolution
		Debug|Any CPU = Debug|Any CPU
		Release|Any CPU = Release|Any CPU
	EndGlobalSection
	GlobalSection(ProjectConfigurationPlatforms) = postSolution
		{B923F475-5DB0-4703-B136-0C93D830D70F}.Debug|Any CPU.ActiveCfg = Debug|Any CPU
		{B923F475-5DB0-4703-B136-0C93D830D70F}.Debug|Any CPU.Build.0 = Debug|Any CPU
		{B923F475-5DB0-4703-B136-0C93D830D70F}.Release|Any CPU.ActiveCfg = Release|Any CPU
		{B923F475-5DB0-4703-B136-0C93D830D70F}.Release|Any CPU.Build.0 = Release|Any CPU
		{9D6E9A92-1607-4006-8E7D-4C5B9A0034AF}.Debug|Any CPU.ActiveCfg = Debug|Any CPU
		{9D6E9A92-1607-4006-8E7D-4C5B9A0034AF}.Debug|Any CPU.Build.0 = Debug|Any CPU
		{9D6E9A92-1607-4006-8E7D-4C5B9A0034AF}.Release|Any CPU.ActiveCfg = Release|Any CPU
		{9D6E9A92-1607-4006-8E7D-4C5B9A0034AF}.Release|Any CPU.Build.0 = Release|Any CPU
		{B8E6B93F-16C3-4C62-B834-8E25DF5ECDEE}.Debug|Any CPU.ActiveCfg = Debug|Any CPU
		{B8E6B93F-16C3-4C62-B834-8E25DF5ECDEE}.Debug|Any CPU.Build.0 = Debug|Any CPU
		{B8E6B93F-16C3-4C62-B834-8E25DF5ECDEE}.Release|Any CPU.ActiveCfg = Release|Any CPU
		{B8E6B93F-16C3-4C62-B834-8E25DF5ECDEE}.Release|Any CPU.Build.0 = Release|Any CPU
		{F38CC5FC-636D-41B2-A73A-0F6D25BC6018}.Debug|Any CPU.ActiveCfg = Debug|Any CPU
		{F38CC5FC-636D-41B2-A73A-0F6D25BC6018}.Debug|Any CPU.Build.0 = Debug|Any CPU
		{F38CC5FC-636D-41B2-A73A-0F6D25BC6018}.Release|Any CPU.ActiveCfg = Release|Any CPU
		{F38CC5FC-636D-41B2-A73A-0F6D25BC6018}.Release|Any CPU.Build.0 = Release|Any CPU
	EndGlobalSection
	GlobalSection(SolutionProperties) = preSolution
		HideSolutionNode = FALSE
	EndGlobalSection
	GlobalSection(ExtensibilityGlobals) = postSolution
		SolutionGuid = {EB87C07C-FAF7-4A66-B006-BEFFD4850FE8}
	EndGlobalSection
EndGlobal
